PODS:
  - Flutter (1.0.0)
  - remote_control (0.0.1):
    - Flutter
  - Starscream (3.1.1)
  - websocket_manager (0.0.1):
    - Flutter
    - Starscream (~> 3.1.1)

DEPENDENCIES:
  - Flutter (from `Flutter`)
  - remote_control (from `.symlinks/plugins/remote_control/ios`)
  - websocket_manager (from `.symlinks/plugins/websocket_manager/ios`)

SPEC REPOS:
  trunk:
    - Starscream

EXTERNAL SOURCES:
  Flutter:
    :path: Flutter
  remote_control:
    :path: ".symlinks/plugins/remote_control/ios"
  websocket_manager:
    :path: ".symlinks/plugins/websocket_manager/ios"

SPEC CHECKSUMS:
  Flutter: 50d75fe2f02b26cc09d224853bb45737f8b3214a
  remote_control: 9f0b6bf98ef8bf00153a3032ada00050edd90d60
  Starscream: 4bb2f9942274833f7b4d296a55504dcfc7edb7b0
  websocket_manager: cadb93f3b88cf3f5d60fca8629824c1b50f30e1b

PODFILE CHECKSUM: aafe91acc616949ddb318b77800a7f51bffa2a4c

COCOAPODS: 1.11.2
