PODS:
  - Flutter (1.0.0)
  - remote_control (0.0.1):
    - Flutter

DEPENDENCIES:
  - Flutter (from `Flutter`)
  - remote_control (from `.symlinks/plugins/remote_control/ios`)

EXTERNAL SOURCES:
  Flutter:
    :path: Flutter
  remote_control:
    :path: ".symlinks/plugins/remote_control/ios"

SPEC CHECKSUMS:
  Flutter: 50d75fe2f02b26cc09d224853bb45737f8b3214a
  remote_control: 9f0b6bf98ef8bf00153a3032ada00050edd90d60

PODFILE CHECKSUM: aafe91acc616949ddb318b77800a7f51bffa2a4c

COCOAPODS: 1.11.2
