PODS:
  - FlutterMacOS (1.0.0)
  - remote_control (0.0.1):
    - FlutterMacOS

DEPENDENCIES:
  - FlutterMacOS (from `Flutter/ephemeral`)
  - remote_control (from `Flutter/ephemeral/.symlinks/plugins/remote_control/macos`)

EXTERNAL SOURCES:
  FlutterMacOS:
    :path: Flutter/ephemeral
  remote_control:
    :path: Flutter/ephemeral/.symlinks/plugins/remote_control/macos

SPEC CHECKSUMS:
  FlutterMacOS: 57701585bf7de1b3fc2bb61f6378d73bbdea8424
  remote_control: afc15712276a974268e5a89608b2f4652c512b03

PODFILE CHECKSUM: 6eac6b3292e5142cfc23bdeb71848a40ec51c14c

COCOAPODS: 1.11.2
